{
  "name": "@panagos/jojoscript",
  "version": "0.10.0",
  "lockfileVersion": 3,
  "requires": true,
  "packages": {
    "": {
      "name": "@panagos/jojoscript",
      "version": "0.10.0",
      "license": "Unlicense",
      "bin": {
        "jojo": "bin/jojo.js"
      },
      "engines": {
        "node": ">=18"
      }
    }
  }
}
